
Microsoft Visual Studio Solution File, Format Version 12.00
# Visual Studio Version 17
VisualStudioVersion = 17.9.34616.47
MinimumVisualStudioVersion = 10.0.40219.1
Project("{9A19103F-16F7-4668-BE54-9A1E7A4F7556}") = "MA.KeyGenerator.Proto.Client", "MA.KeyGenerator.Proto.Client\MA.KeyGenerator.Proto.Client.csproj", "{8C5DBA27-3AE3-4C36-B098-EF08FD8932FE}"
EndProject
Project("{9A19103F-16F7-4668-BE54-9A1E7A4F7556}") = "MA.KeyGenerator.Proto.Client.Test", "MA.KeyGenerator.Proto.Client.Test\MA.KeyGenerator.Proto.Client.Test.csproj", "{ECFAAB7A-ED4E-4B26-B55F-B623D485D49D}"
EndProject
Project("{9A19103F-16F7-4668-BE54-9A1E7A4F7556}") = "MA.KeyGenerator.Proto.Server", "MA.KeyGenerator.Proto.Server\MA.KeyGenerator.Proto.Server.csproj", "{AE471F19-9D86-4728-B062-6B67F0B4A6F7}"
EndProject
Global
	GlobalSection(SolutionConfigurationPlatforms) = preSolution
		Debug|Any CPU = Debug|Any CPU
		Release|Any CPU = Release|Any CPU
	EndGlobalSection
	GlobalSection(ProjectConfigurationPlatforms) = postSolution
		{8C5DBA27-3AE3-4C36-B098-EF08FD8932FE}.Debug|Any CPU.ActiveCfg = Debug|Any CPU
		{8C5DBA27-3AE3-4C36-B098-EF08FD8932FE}.Debug|Any CPU.Build.0 = Debug|Any CPU
		{8C5DBA27-3AE3-4C36-B098-EF08FD8932FE}.Release|Any CPU.ActiveCfg = Release|Any CPU
		{8C5DBA27-3AE3-4C36-B098-EF08FD8932FE}.Release|Any CPU.Build.0 = Release|Any CPU
		{ECFAAB7A-ED4E-4B26-B55F-B623D485D49D}.Debug|Any CPU.ActiveCfg = Debug|Any CPU
		{ECFAAB7A-ED4E-4B26-B55F-B623D485D49D}.Debug|Any CPU.Build.0 = Debug|Any CPU
		{ECFAAB7A-ED4E-4B26-B55F-B623D485D49D}.Release|Any CPU.ActiveCfg = Release|Any CPU
		{ECFAAB7A-ED4E-4B26-B55F-B623D485D49D}.Release|Any CPU.Build.0 = Release|Any CPU
		{AE471F19-9D86-4728-B062-6B67F0B4A6F7}.Debug|Any CPU.ActiveCfg = Debug|Any CPU
		{AE471F19-9D86-4728-B062-6B67F0B4A6F7}.Debug|Any CPU.Build.0 = Debug|Any CPU
		{AE471F19-9D86-4728-B062-6B67F0B4A6F7}.Release|Any CPU.ActiveCfg = Release|Any CPU
		{AE471F19-9D86-4728-B062-6B67F0B4A6F7}.Release|Any CPU.Build.0 = Release|Any CPU
	EndGlobalSection
	GlobalSection(SolutionProperties) = preSolution
		HideSolutionNode = FALSE
	EndGlobalSection
	GlobalSection(ExtensibilityGlobals) = postSolution
		SolutionGuid = {203C94C1-C387-47DC-B1EE-D2AB37DB75C9}
	EndGlobalSection
EndGlobal
